
Microsoft Visual Studio Solution File, Format Version 12.00
# Visual Studio Version 16
VisualStudioVersion = 16.0.29001.49
MinimumVisualStudioVersion = 10.0.40219.1
Project("{FAE04EC0-301F-11D3-BF4B-00C04F79EFBC}") = "BaseLayer", "BaseLayer\BaseLayer.csproj", "{E674E724-28A5-45D9-8FF1-6CF93F28AC3A}"
EndProject
Project("{FAE04EC0-301F-11D3-BF4B-00C04F79EFBC}") = "FileLayer", "FileLayer\FileLayer.csproj", "{23D20BC4-45EC-424A-9A23-F33105B8887D}"
EndProject
Project("{FAE04EC0-301F-11D3-BF4B-00C04F79EFBC}") = "DbLayer", "DbLayer\DbLayer.csproj", "{4BB71CC9-B127-4CB2-A423-6A3FB25D64E9}"
EndProject
Project("{FAE04EC0-301F-11D3-BF4B-00C04F79EFBC}") = "JsonFileRepositoryTests", "JsonFileRepositoryTests\JsonFileRepositoryTests.csproj", "{D2529382-89CC-4F0D-8799-EE3725FF738E}"
EndProject
Project("{FAE04EC0-301F-11D3-BF4B-00C04F79EFBC}") = "DbRepositoryTests", "DbRepositoryTests\DbRepositoryTests.csproj", "{45C197BA-8DC1-40AC-AAFF-5FEFF4176076}"
EndProject
Project("{FAE04EC0-301F-11D3-BF4B-00C04F79EFBC}") = "TimeTrackerWeb", "TimeTrackerWeb\TimeTrackerWeb.csproj", "{0C21E047-66B7-4985-A56C-824C7A5EB319}"
EndProject
Project("{FAE04EC0-301F-11D3-BF4B-00C04F79EFBC}") = "TimeTrackerWeb.Tests", "TimeTrackerWeb.Tests\TimeTrackerWeb.Tests.csproj", "{AA1B33BA-61C9-4907-B5CC-7D15CF175EC2}"
EndProject
Project("{FAE04EC0-301F-11D3-BF4B-00C04F79EFBC}") = "Common", "Common\Common.csproj", "{CDE5725D-0E95-4A4E-852E-D1C953BA20F7}"
EndProject
Project("{FAE04EC0-301F-11D3-BF4B-00C04F79EFBC}") = "PlaygroundConsole", "PlaygroundConsole\PlaygroundConsole.csproj", "{0B046113-FC17-485E-BE56-D9761D4AF644}"
EndProject
Global
	GlobalSection(SolutionConfigurationPlatforms) = preSolution
		Debug|Any CPU = Debug|Any CPU
		Release|Any CPU = Release|Any CPU
	EndGlobalSection
	GlobalSection(ProjectConfigurationPlatforms) = postSolution
		{E674E724-28A5-45D9-8FF1-6CF93F28AC3A}.Debug|Any CPU.ActiveCfg = Debug|Any CPU
		{E674E724-28A5-45D9-8FF1-6CF93F28AC3A}.Debug|Any CPU.Build.0 = Debug|Any CPU
		{E674E724-28A5-45D9-8FF1-6CF93F28AC3A}.Release|Any CPU.ActiveCfg = Release|Any CPU
		{E674E724-28A5-45D9-8FF1-6CF93F28AC3A}.Release|Any CPU.Build.0 = Release|Any CPU
		{23D20BC4-45EC-424A-9A23-F33105B8887D}.Debug|Any CPU.ActiveCfg = Debug|Any CPU
		{23D20BC4-45EC-424A-9A23-F33105B8887D}.Debug|Any CPU.Build.0 = Debug|Any CPU
		{23D20BC4-45EC-424A-9A23-F33105B8887D}.Release|Any CPU.ActiveCfg = Release|Any CPU
		{23D20BC4-45EC-424A-9A23-F33105B8887D}.Release|Any CPU.Build.0 = Release|Any CPU
		{4BB71CC9-B127-4CB2-A423-6A3FB25D64E9}.Debug|Any CPU.ActiveCfg = Debug|Any CPU
		{4BB71CC9-B127-4CB2-A423-6A3FB25D64E9}.Debug|Any CPU.Build.0 = Debug|Any CPU
		{4BB71CC9-B127-4CB2-A423-6A3FB25D64E9}.Release|Any CPU.ActiveCfg = Release|Any CPU
		{4BB71CC9-B127-4CB2-A423-6A3FB25D64E9}.Release|Any CPU.Build.0 = Release|Any CPU
		{D2529382-89CC-4F0D-8799-EE3725FF738E}.Debug|Any CPU.ActiveCfg = Debug|Any CPU
		{D2529382-89CC-4F0D-8799-EE3725FF738E}.Debug|Any CPU.Build.0 = Debug|Any CPU
		{D2529382-89CC-4F0D-8799-EE3725FF738E}.Release|Any CPU.ActiveCfg = Release|Any CPU
		{D2529382-89CC-4F0D-8799-EE3725FF738E}.Release|Any CPU.Build.0 = Release|Any CPU
		{45C197BA-8DC1-40AC-AAFF-5FEFF4176076}.Debug|Any CPU.ActiveCfg = Debug|Any CPU
		{45C197BA-8DC1-40AC-AAFF-5FEFF4176076}.Debug|Any CPU.Build.0 = Debug|Any CPU
		{45C197BA-8DC1-40AC-AAFF-5FEFF4176076}.Release|Any CPU.ActiveCfg = Release|Any CPU
		{45C197BA-8DC1-40AC-AAFF-5FEFF4176076}.Release|Any CPU.Build.0 = Release|Any CPU
		{0C21E047-66B7-4985-A56C-824C7A5EB319}.Debug|Any CPU.ActiveCfg = Debug|Any CPU
		{0C21E047-66B7-4985-A56C-824C7A5EB319}.Debug|Any CPU.Build.0 = Debug|Any CPU
		{0C21E047-66B7-4985-A56C-824C7A5EB319}.Release|Any CPU.ActiveCfg = Release|Any CPU
		{0C21E047-66B7-4985-A56C-824C7A5EB319}.Release|Any CPU.Build.0 = Release|Any CPU
		{AA1B33BA-61C9-4907-B5CC-7D15CF175EC2}.Debug|Any CPU.ActiveCfg = Debug|Any CPU
		{AA1B33BA-61C9-4907-B5CC-7D15CF175EC2}.Debug|Any CPU.Build.0 = Debug|Any CPU
		{AA1B33BA-61C9-4907-B5CC-7D15CF175EC2}.Release|Any CPU.ActiveCfg = Release|Any CPU
		{AA1B33BA-61C9-4907-B5CC-7D15CF175EC2}.Release|Any CPU.Build.0 = Release|Any CPU
		{CDE5725D-0E95-4A4E-852E-D1C953BA20F7}.Debug|Any CPU.ActiveCfg = Debug|Any CPU
		{CDE5725D-0E95-4A4E-852E-D1C953BA20F7}.Debug|Any CPU.Build.0 = Debug|Any CPU
		{CDE5725D-0E95-4A4E-852E-D1C953BA20F7}.Release|Any CPU.ActiveCfg = Release|Any CPU
		{CDE5725D-0E95-4A4E-852E-D1C953BA20F7}.Release|Any CPU.Build.0 = Release|Any CPU
		{0B046113-FC17-485E-BE56-D9761D4AF644}.Debug|Any CPU.ActiveCfg = Debug|Any CPU
		{0B046113-FC17-485E-BE56-D9761D4AF644}.Debug|Any CPU.Build.0 = Debug|Any CPU
		{0B046113-FC17-485E-BE56-D9761D4AF644}.Release|Any CPU.ActiveCfg = Release|Any CPU
		{0B046113-FC17-485E-BE56-D9761D4AF644}.Release|Any CPU.Build.0 = Release|Any CPU
	EndGlobalSection
	GlobalSection(SolutionProperties) = preSolution
		HideSolutionNode = FALSE
	EndGlobalSection
	GlobalSection(ExtensibilityGlobals) = postSolution
		SolutionGuid = {1359A329-F9EE-4E18-BE3E-FE88684F29BA}
	EndGlobalSection
EndGlobal
